
Microsoft Visual Studio Solution File, Format Version 12.00
# Visual Studio Version 17
VisualStudioVersion = 17.1.32407.343
MinimumVisualStudioVersion = 10.0.40219.1
Project("{9A19103F-16F7-4668-BE54-9A1E7A4F7556}") = "OPS Pro Server", "OPS Pro Server\OPS Pro Server.csproj", "{7C87F608-404D-44FD-BD88-26768817DC2E}"
EndProject
Project("{FAE04EC0-301F-11D3-BF4B-00C04F79EFBC}") = "OPSProServer.Contracts", "OPSProServer.Contracts\OPSProServer.Contracts.csproj", "{9BCD09E6-C117-4E2C-917C-B4D2DB4431CA}"
EndProject
Global
	GlobalSection(SolutionConfigurationPlatforms) = preSolution
		Debug|Any CPU = Debug|Any CPU
		Release|Any CPU = Release|Any CPU
	EndGlobalSection
	GlobalSection(ProjectConfigurationPlatforms) = postSolution
		{7C87F608-404D-44FD-BD88-26768817DC2E}.Debug|Any CPU.ActiveCfg = Debug|Any CPU
		{7C87F608-404D-44FD-BD88-26768817DC2E}.Debug|Any CPU.Build.0 = Debug|Any CPU
		{7C87F608-404D-44FD-BD88-26768817DC2E}.Release|Any CPU.ActiveCfg = Release|Any CPU
		{7C87F608-404D-44FD-BD88-26768817DC2E}.Release|Any CPU.Build.0 = Release|Any CPU
		{9BCD09E6-C117-4E2C-917C-B4D2DB4431CA}.Debug|Any CPU.ActiveCfg = Debug|Any CPU
		{9BCD09E6-C117-4E2C-917C-B4D2DB4431CA}.Debug|Any CPU.Build.0 = Debug|Any CPU
		{9BCD09E6-C117-4E2C-917C-B4D2DB4431CA}.Release|Any CPU.ActiveCfg = Release|Any CPU
		{9BCD09E6-C117-4E2C-917C-B4D2DB4431CA}.Release|Any CPU.Build.0 = Release|Any CPU
	EndGlobalSection
	GlobalSection(SolutionProperties) = preSolution
		HideSolutionNode = FALSE
	EndGlobalSection
	GlobalSection(ExtensibilityGlobals) = postSolution
		SolutionGuid = {0840D140-D376-4EC2-9780-FB8581D039CE}
	EndGlobalSection
EndGlobal
